
Microsoft Visual Studio Solution File, Format Version 12.00
# Visual Studio Version 16
VisualStudioVersion = 16.0.30002.166
MinimumVisualStudioVersion = 10.0.40219.1
Project("{FAE04EC0-301F-11D3-BF4B-00C04F79EFBC}") = "Bangazon-Tinkr", "Bangazon-Tinkr\Bangazon-Tinkr.csproj", "{008913AF-B245-4940-9D55-127061D8FAC7}"
EndProject
Global
	GlobalSection(SolutionConfigurationPlatforms) = preSolution
		Debug|Any CPU = Debug|Any CPU
		Release|Any CPU = Release|Any CPU
	EndGlobalSection
	GlobalSection(ProjectConfigurationPlatforms) = postSolution
		{008913AF-B245-4940-9D55-127061D8FAC7}.Debug|Any CPU.ActiveCfg = Debug|Any CPU
		{008913AF-B245-4940-9D55-127061D8FAC7}.Debug|Any CPU.Build.0 = Debug|Any CPU
		{008913AF-B245-4940-9D55-127061D8FAC7}.Release|Any CPU.ActiveCfg = Release|Any CPU
		{008913AF-B245-4940-9D55-127061D8FAC7}.Release|Any CPU.Build.0 = Release|Any CPU
	EndGlobalSection
	GlobalSection(SolutionProperties) = preSolution
		HideSolutionNode = FALSE
	EndGlobalSection
	GlobalSection(ExtensibilityGlobals) = postSolution
		SolutionGuid = {34630F59-0C34-44A7-9415-F0CDC8F597CA}
	EndGlobalSection
EndGlobal
